{
  "version": 4,
  "terraform_version": "1.12.2",
  "serial": 19,
  "lineage": "3b9d6963-09af-8eb1-e1a2-5abc19ae1e9d",
  "outputs": {
    "key_pair_name": {
      "value": "api-estoque-key",
      "type": "string"
    },
    "security_group_id": {
      "value": "sg-05fd7741a84a45a23",
      "type": "string"
    }
  },
  "resources": [
    {
      "mode": "managed",
      "type": "aws_internet_gateway",
      "name": "api_igw",
      "provider": "provider[\"registry.terraform.io/hashicorp/aws\"]",
      "instances": [
        {
          "schema_version": 0,
          "attributes": {
            "arn": "arn:aws:ec2:us-east-1:381492030584:internet-gateway/igw-0d9d7a8601de31529",
            "id": "igw-0d9d7a8601de31529",
            "owner_id": "381492030584",
            "region": "us-east-1",
            "tags": {
              "Name": "api-estoque-devops-igw"
            },
            "tags_all": {
              "Name": "api-estoque-devops-igw"
            },
            "timeouts": null,
            "vpc_id": "vpc-0ed707db01e9a0288"
          },
          "sensitive_attributes": [],
          "identity_schema_version": 0,
          "private": "eyJlMmJmYjczMC1lY2FhLTExZTYtOGY4OC0zNDM2M2JjN2M0YzAiOnsiY3JlYXRlIjoxMjAwMDAwMDAwMDAwLCJkZWxldGUiOjEyMDAwMDAwMDAwMDAsInVwZGF0ZSI6MTIwMDAwMDAwMDAwMH19",
          "dependencies": [
            "aws_vpc.api_vpc"
          ]
        }
      ]
    },
    {
      "mode": "managed",
      "type": "aws_key_pair",
      "name": "api_key_pair",
      "provider": "provider[\"registry.terraform.io/hashicorp/aws\"]",
      "instances": [
        {
          "schema_version": 1,
          "attributes": {
            "arn": "arn:aws:ec2:us-east-1:381492030584:key-pair/api-estoque-key",
            "fingerprint": "06:e6:a3:1e:fc:d9:08:40:d7:6e:29:d8:da:44:fb:78",
            "id": "api-estoque-key",
            "key_name": "api-estoque-key",
            "key_name_prefix": "",
            "key_pair_id": "key-0a72a9861db8b622f",
            "key_type": "rsa",
            "public_key": "ssh-rsa AAAAB3NzaC1yc2EAAAADAQABAAACAQCn968nBiwqS8Ft8Rl9LfN2fmM/VAVd11ld5UhUTNnip3t/gUA2OqHpdR5s/QHj+Yi9R6UxK4Iw4qa3kVEBwptBb2LgZsDl9yL+yyc123YEz0dLZYOPcQtxanNiEmELuHPZa47scNx2oSeIkSl5T2uOyz/s8UHEhIgiH+04iAiv/OjqmAf5j7ZH7/Cc7TClWk4ZpuXTT7ags9Bkw0BcZYLBRYxM3SyCPmmcJ6znAHdgm0pYo9wXb7Hfjjwnn0tRqHdJWQaFqrUqdIU5Isd0T6LN6Rf5BRxKnpRMlVfSzK9ea9yaMGHM6XeMTwfX92iBFUoJodvNft7b1gPcLdMZBztB3/80zcGeVRw8qF62MruZ6KC9S1QfX7YBdZbhin/2ZQOG+AXThMtzYcwPh3/I3vG9D22gbvCHE2y0ubNR7RHORdEAh60U+e+1GgQvDNBUit3TgOnpPxFJSrkYtwcG87BcxJP1yF8oU1dd0pyqwMuBhjjGJzeu8mFvzFhkXlaYYKjEOXUYrjTFnGMshAB6Y02L7NUk0JPiCSXA/mQRPHWZ0D74dOgdgu6V4DLjhM9LMYDdmGwfxitQ+kyOUmdAdO3Ij7RohhhxRgXlIZiWWBhTcHHEotM11xbhUWZDh2qytAlDCV/SiQqUZyhm+V6dMmZml7scaxg3Sjnm/0qHRtsUnQ== nicolas@nicolas",
            "region": "us-east-1",
            "tags": {
              "Name": "api-estoque-key"
            },
            "tags_all": {
              "Name": "api-estoque-key"
            }
          },
          "sensitive_attributes": [],
          "identity_schema_version": 0,
          "private": "eyJzY2hlbWFfdmVyc2lvbiI6IjEifQ=="
        }
      ]
    },
    {
      "mode": "managed",
      "type": "aws_route_table",
      "name": "public_route_table",
      "provider": "provider[\"registry.terraform.io/hashicorp/aws\"]",
      "instances": [
        {
          "schema_version": 0,
          "attributes": {
            "arn": "arn:aws:ec2:us-east-1:381492030584:route-table/rtb-0ffd0c9b9ad955fdb",
            "id": "rtb-0ffd0c9b9ad955fdb",
            "owner_id": "381492030584",
            "propagating_vgws": [],
            "region": "us-east-1",
            "route": [
              {
                "carrier_gateway_id": "",
                "cidr_block": "0.0.0.0/0",
                "core_network_arn": "",
                "destination_prefix_list_id": "",
                "egress_only_gateway_id": "",
                "gateway_id": "igw-0d9d7a8601de31529",
                "ipv6_cidr_block": "",
                "local_gateway_id": "",
                "nat_gateway_id": "",
                "network_interface_id": "",
                "transit_gateway_id": "",
                "vpc_endpoint_id": "",
                "vpc_peering_connection_id": ""
              }
            ],
            "tags": {
              "Name": "api-estoque-devops-public-rt"
            },
            "tags_all": {
              "Name": "api-estoque-devops-public-rt"
            },
            "timeouts": null,
            "vpc_id": "vpc-0ed707db01e9a0288"
          },
          "sensitive_attributes": [],
          "identity_schema_version": 0,
          "private": "eyJlMmJmYjczMC1lY2FhLTExZTYtOGY4OC0zNDM2M2JjN2M0YzAiOnsiY3JlYXRlIjozMDAwMDAwMDAwMDAsImRlbGV0ZSI6MzAwMDAwMDAwMDAwLCJ1cGRhdGUiOjEyMDAwMDAwMDAwMH19",
          "dependencies": [
            "aws_internet_gateway.api_igw",
            "aws_vpc.api_vpc"
          ]
        }
      ]
    },
    {
      "mode": "managed",
      "type": "aws_route_table_association",
      "name": "public_subnet_association",
      "provider": "provider[\"registry.terraform.io/hashicorp/aws\"]",
      "instances": [
        {
          "schema_version": 0,
          "attributes": {
            "gateway_id": "",
            "id": "rtbassoc-071213df0e3355fd4",
            "region": "us-east-1",
            "route_table_id": "rtb-0ffd0c9b9ad955fdb",
            "subnet_id": "subnet-07e90fb57fee3c894",
            "timeouts": null
          },
          "sensitive_attributes": [],
          "identity_schema_version": 0,
          "private": "eyJlMmJmYjczMC1lY2FhLTExZTYtOGY4OC0zNDM2M2JjN2M0YzAiOnsiY3JlYXRlIjozMDAwMDAwMDAwMDAsImRlbGV0ZSI6MzAwMDAwMDAwMDAwLCJ1cGRhdGUiOjEyMDAwMDAwMDAwMH19",
          "dependencies": [
            "aws_internet_gateway.api_igw",
            "aws_route_table.public_route_table",
            "aws_subnet.public_subnet",
            "aws_vpc.api_vpc"
          ]
        }
      ]
    },
    {
      "mode": "managed",
      "type": "aws_security_group",
      "name": "api_security_group",
      "provider": "provider[\"registry.terraform.io/hashicorp/aws\"]",
      "instances": [
        {
          "schema_version": 1,
          "attributes": {
            "arn": "arn:aws:ec2:us-east-1:381492030584:security-group/sg-05fd7741a84a45a23",
            "description": "Permitir trafego SSH e da API para a instancia EC2",
            "egress": [
              {
                "cidr_blocks": [
                  "0.0.0.0/0"
                ],
                "description": "",
                "from_port": 0,
                "ipv6_cidr_blocks": [],
                "prefix_list_ids": [],
                "protocol": "-1",
                "security_groups": [],
                "self": false,
                "to_port": 0
              }
            ],
            "id": "sg-05fd7741a84a45a23",
            "ingress": [
              {
                "cidr_blocks": [
                  "0.0.0.0/0"
                ],
                "description": "Permitir SSH de qualquer lugar",
                "from_port": 22,
                "ipv6_cidr_blocks": [],
                "prefix_list_ids": [],
                "protocol": "tcp",
                "security_groups": [],
                "self": false,
                "to_port": 22
              },
              {
                "cidr_blocks": [
                  "0.0.0.0/0"
                ],
                "description": "Permitir acesso a API",
                "from_port": 3000,
                "ipv6_cidr_blocks": [],
                "prefix_list_ids": [],
                "protocol": "tcp",
                "security_groups": [],
                "self": false,
                "to_port": 3000
              }
            ],
            "name": "api-estoque-devops-sg",
            "name_prefix": "",
            "owner_id": "381492030584",
            "region": "us-east-1",
            "revoke_rules_on_delete": false,
            "tags": {
              "Name": "api-estoque-devops-sg"
            },
            "tags_all": {
              "Name": "api-estoque-devops-sg"
            },
            "timeouts": null,
            "vpc_id": "vpc-0ed707db01e9a0288"
          },
          "sensitive_attributes": [],
          "identity_schema_version": 0,
          "private": "eyJlMmJmYjczMC1lY2FhLTExZTYtOGY4OC0zNDM2M2JjN2M0YzAiOnsiY3JlYXRlIjo2MDAwMDAwMDAwMDAsImRlbGV0ZSI6OTAwMDAwMDAwMDAwfSwic2NoZW1hX3ZlcnNpb24iOiIxIn0=",
          "dependencies": [
            "aws_vpc.api_vpc"
          ]
        }
      ]
    },
    {
      "mode": "managed",
      "type": "aws_subnet",
      "name": "public_subnet",
      "provider": "provider[\"registry.terraform.io/hashicorp/aws\"]",
      "instances": [
        {
          "schema_version": 1,
          "attributes": {
            "arn": "arn:aws:ec2:us-east-1:381492030584:subnet/subnet-07e90fb57fee3c894",
            "assign_ipv6_address_on_creation": false,
            "availability_zone": "us-east-1a",
            "availability_zone_id": "use1-az2",
            "cidr_block": "10.0.1.0/24",
            "customer_owned_ipv4_pool": "",
            "enable_dns64": false,
            "enable_lni_at_device_index": 0,
            "enable_resource_name_dns_a_record_on_launch": false,
            "enable_resource_name_dns_aaaa_record_on_launch": false,
            "id": "subnet-07e90fb57fee3c894",
            "ipv6_cidr_block": "",
            "ipv6_cidr_block_association_id": "",
            "ipv6_native": false,
            "map_customer_owned_ip_on_launch": false,
            "map_public_ip_on_launch": true,
            "outpost_arn": "",
            "owner_id": "381492030584",
            "private_dns_hostname_type_on_launch": "ip-name",
            "region": "us-east-1",
            "tags": {
              "Name": "api-estoque-devops-public-subnet"
            },
            "tags_all": {
              "Name": "api-estoque-devops-public-subnet"
            },
            "timeouts": null,
            "vpc_id": "vpc-0ed707db01e9a0288"
          },
          "sensitive_attributes": [],
          "identity_schema_version": 0,
          "private": "eyJlMmJmYjczMC1lY2FhLTExZTYtOGY4OC0zNDM2M2JjN2M0YzAiOnsiY3JlYXRlIjo2MDAwMDAwMDAwMDAsImRlbGV0ZSI6MTIwMDAwMDAwMDAwMH0sInNjaGVtYV92ZXJzaW9uIjoiMSJ9",
          "dependencies": [
            "aws_vpc.api_vpc"
          ]
        }
      ]
    },
    {
      "mode": "managed",
      "type": "aws_vpc",
      "name": "api_vpc",
      "provider": "provider[\"registry.terraform.io/hashicorp/aws\"]",
      "instances": [
        {
          "schema_version": 1,
          "attributes": {
            "arn": "arn:aws:ec2:us-east-1:381492030584:vpc/vpc-0ed707db01e9a0288",
            "assign_generated_ipv6_cidr_block": false,
            "cidr_block": "10.0.0.0/16",
            "default_network_acl_id": "acl-0c5a4171250eb1e11",
            "default_route_table_id": "rtb-04beb55004b5d68f1",
            "default_security_group_id": "sg-07c9a671ac1f72099",
            "dhcp_options_id": "dopt-0c388a83de23a5f0b",
            "enable_dns_hostnames": true,
            "enable_dns_support": true,
            "enable_network_address_usage_metrics": false,
            "id": "vpc-0ed707db01e9a0288",
            "instance_tenancy": "default",
            "ipv4_ipam_pool_id": null,
            "ipv4_netmask_length": null,
            "ipv6_association_id": "",
            "ipv6_cidr_block": "",
            "ipv6_cidr_block_network_border_group": "",
            "ipv6_ipam_pool_id": "",
            "ipv6_netmask_length": 0,
            "main_route_table_id": "rtb-04beb55004b5d68f1",
            "owner_id": "381492030584",
            "region": "us-east-1",
            "tags": {
              "Name": "api-estoque-devops-vpc"
            },
            "tags_all": {
              "Name": "api-estoque-devops-vpc"
            }
          },
          "sensitive_attributes": [],
          "identity_schema_version": 0,
          "private": "eyJzY2hlbWFfdmVyc2lvbiI6IjEifQ=="
        }
      ]
    }
  ],
  "check_results": null
}
